
Microsoft Visual Studio Solution File, Format Version 12.00
# Visual Studio Version 17
VisualStudioVersion = 17.10.35013.160
MinimumVisualStudioVersion = 10.0.40219.1
Project("{FAE04EC0-301F-11D3-BF4B-00C04F79EFBC}") = "Learn", "Learn.csproj", "{E6225EAD-828E-4F36-AAC6-B3E74D814FEB}"
EndProject
Global
	GlobalSection(SolutionConfigurationPlatforms) = preSolution
		Debug|Any CPU = Debug|Any CPU
		Release|Any CPU = Release|Any CPU
	EndGlobalSection
	GlobalSection(ProjectConfigurationPlatforms) = postSolution
		{E6225EAD-828E-4F36-AAC6-B3E74D814FEB}.Debug|Any CPU.ActiveCfg = Debug|Any CPU
		{E6225EAD-828E-4F36-AAC6-B3E74D814FEB}.Debug|Any CPU.Build.0 = Debug|Any CPU
		{E6225EAD-828E-4F36-AAC6-B3E74D814FEB}.Release|Any CPU.ActiveCfg = Release|Any CPU
		{E6225EAD-828E-4F36-AAC6-B3E74D814FEB}.Release|Any CPU.Build.0 = Release|Any CPU
	EndGlobalSection
	GlobalSection(SolutionProperties) = preSolution
		HideSolutionNode = FALSE
	EndGlobalSection
	GlobalSection(ExtensibilityGlobals) = postSolution
		SolutionGuid = {F3DED1EB-5B0C-4B00-90BA-A84712C445E7}
	EndGlobalSection
EndGlobal
